{
  "name": "desolver",
  "version": "0.1.0",
  "lockfileVersion": 2,
  "requires": true,
  "packages": {
    "": {
      "name": "desolver",
      "version": "0.1.0",
      "license": "MIT",
      "devDependencies": {
        "@types/node": "^17.0.31",
        "graphql": "^16.4.0",
        "redis": "^4.1.0",
        "typescript": "^4.6.4",
        "uuid": "^8.3.2"
      }
    },
    "node_modules/@redis/bloom": {
      "version": "1.0.2",
      "resolved": "https://registry.npmjs.org/@redis/bloom/-/bloom-1.0.2.tgz",
      "integrity": "sha512-EBw7Ag1hPgFzdznK2PBblc1kdlj5B5Cw3XwI9/oG7tSn85/HKy3X9xHy/8tm/eNXJYHLXHJL/pkwBpFMVVefkw==",
      "dev": true,
      "peerDependencies": {
        "@redis/client": "^1.0.0"
      }
    },
    "node_modules/@redis/client": {
      "version": "1.1.0",
      "resolved": "https://registry.npmjs.org/@redis/client/-/client-1.1.0.tgz",
      "integrity": "sha512-xO9JDIgzsZYDl3EvFhl6LC52DP3q3GCMUer8zHgKV6qSYsq1zB+pZs9+T80VgcRogrlRYhi4ZlfX6A+bHiBAgA==",
      "dev": true,
      "dependencies": {
        "cluster-key-slot": "1.1.0",
        "generic-pool": "3.8.2",
        "yallist": "4.0.0"
      },
      "engines": {
        "node": ">=14"
      }
    },
    "node_modules/@redis/graph": {
      "version": "1.0.1",
      "resolved": "https://registry.npmjs.org/@redis/graph/-/graph-1.0.1.tgz",
      "integrity": "sha512-oDE4myMCJOCVKYMygEMWuriBgqlS5FqdWerikMoJxzmmTUErnTRRgmIDa2VcgytACZMFqpAOWDzops4DOlnkfQ==",
      "dev": true,
      "peerDependencies": {
        "@redis/client": "^1.0.0"
      }
    },
    "node_modules/@redis/json": {
      "version": "1.0.3",
      "resolved": "https://registry.npmjs.org/@redis/json/-/json-1.0.3.tgz",
      "integrity": "sha512-4X0Qv0BzD9Zlb0edkUoau5c1bInWSICqXAGrpwEltkncUwcxJIGEcVryZhLgb0p/3PkKaLIWkjhHRtLe9yiA7Q==",
      "dev": true,
      "peerDependencies": {
        "@redis/client": "^1.0.0"
      }
    },
    "node_modules/@redis/search": {
      "version": "1.0.6",
      "resolved": "https://registry.npmjs.org/@redis/search/-/search-1.0.6.tgz",
      "integrity": "sha512-pP+ZQRis5P21SD6fjyCeLcQdps+LuTzp2wdUbzxEmNhleighDDTD5ck8+cYof+WLec4csZX7ks+BuoMw0RaZrA==",
      "dev": true,
      "peerDependencies": {
        "@redis/client": "^1.0.0"
      }
    },
    "node_modules/@redis/time-series": {
      "version": "1.0.3",
      "resolved": "https://registry.npmjs.org/@redis/time-series/-/time-series-1.0.3.tgz",
      "integrity": "sha512-OFp0q4SGrTH0Mruf6oFsHGea58u8vS/iI5+NpYdicaM+7BgqBZH8FFvNZ8rYYLrUO/QRqMq72NpXmxLVNcdmjA==",
      "dev": true,
      "peerDependencies": {
        "@redis/client": "^1.0.0"
      }
    },
    "node_modules/@types/node": {
      "version": "17.0.31",
      "resolved": "https://registry.npmjs.org/@types/node/-/node-17.0.31.tgz",
      "integrity": "sha512-AR0x5HbXGqkEx9CadRH3EBYx/VkiUgZIhP4wvPn/+5KIsgpNoyFaRlVe0Zlx9gRtg8fA06a9tskE2MSN7TcG4Q==",
      "dev": true
    },
    "node_modules/cluster-key-slot": {
      "version": "1.1.0",
      "resolved": "https://registry.npmjs.org/cluster-key-slot/-/cluster-key-slot-1.1.0.tgz",
      "integrity": "sha512-2Nii8p3RwAPiFwsnZvukotvow2rIHM+yQ6ZcBXGHdniadkYGZYiGmkHJIbZPIV9nfv7m/U1IPMVVcAhoWFeklw==",
      "dev": true,
      "engines": {
        "node": ">=0.10.0"
      }
    },
    "node_modules/generic-pool": {
      "version": "3.8.2",
      "resolved": "https://registry.npmjs.org/generic-pool/-/generic-pool-3.8.2.tgz",
      "integrity": "sha512-nGToKy6p3PAbYQ7p1UlWl6vSPwfwU6TMSWK7TTu+WUY4ZjyZQGniGGt2oNVvyNSpyZYSB43zMXVLcBm08MTMkg==",
      "dev": true,
      "engines": {
        "node": ">= 4"
      }
    },
    "node_modules/graphql": {
      "version": "16.4.0",
      "resolved": "https://registry.npmjs.org/graphql/-/graphql-16.4.0.tgz",
      "integrity": "sha512-tYDNcRvKCcfHREZYje3v33NSrSD/ZpbWWdPtBtUUuXx9NCo/2QDxYzNqCnMvfsrnbwRpEHMovVrPu/ERoLrIRg==",
      "dev": true,
      "engines": {
        "node": "^12.22.0 || ^14.16.0 || ^16.0.0 || >=17.0.0"
      }
    },
    "node_modules/redis": {
      "version": "4.1.0",
      "resolved": "https://registry.npmjs.org/redis/-/redis-4.1.0.tgz",
      "integrity": "sha512-5hvJ8wbzpCCiuN1ges6tx2SAh2XXCY0ayresBmu40/SGusWHFW86TAlIPpbimMX2DFHOX7RN34G2XlPA1Z43zg==",
      "dev": true,
      "dependencies": {
        "@redis/bloom": "1.0.2",
        "@redis/client": "1.1.0",
        "@redis/graph": "1.0.1",
        "@redis/json": "1.0.3",
        "@redis/search": "1.0.6",
        "@redis/time-series": "1.0.3"
      }
    },
    "node_modules/typescript": {
      "version": "4.6.4",
      "resolved": "https://registry.npmjs.org/typescript/-/typescript-4.6.4.tgz",
      "integrity": "sha512-9ia/jWHIEbo49HfjrLGfKbZSuWo9iTMwXO+Ca3pRsSpbsMbc7/IU8NKdCZVRRBafVPGnoJeFL76ZOAA84I9fEg==",
      "dev": true,
      "bin": {
        "tsc": "bin/tsc",
        "tsserver": "bin/tsserver"
      },
      "engines": {
        "node": ">=4.2.0"
      }
    },
    "node_modules/uuid": {
      "version": "8.3.2",
      "resolved": "https://registry.npmjs.org/uuid/-/uuid-8.3.2.tgz",
      "integrity": "sha512-+NYs2QeMWy+GWFOEm9xnn6HCDp0l7QBD7ml8zLUmJ+93Q5NF0NocErnwkTkXVFNiX3/fpC6afS8Dhb/gz7R7eg==",
      "dev": true,
      "bin": {
        "uuid": "dist/bin/uuid"
      }
    },
    "node_modules/yallist": {
      "version": "4.0.0",
      "resolved": "https://registry.npmjs.org/yallist/-/yallist-4.0.0.tgz",
      "integrity": "sha512-3wdGidZyq5PB084XLES5TpOSRA3wjXAlIWMhum2kRcv/41Sn2emQ0dycQW4uZXLejwKvg6EsvbdlVL+FYEct7A==",
      "dev": true
    }
  },
  "dependencies": {
    "@redis/bloom": {
      "version": "1.0.2",
      "resolved": "https://registry.npmjs.org/@redis/bloom/-/bloom-1.0.2.tgz",
      "integrity": "sha512-EBw7Ag1hPgFzdznK2PBblc1kdlj5B5Cw3XwI9/oG7tSn85/HKy3X9xHy/8tm/eNXJYHLXHJL/pkwBpFMVVefkw==",
      "dev": true,
      "requires": {}
    },
    "@redis/client": {
      "version": "1.1.0",
      "resolved": "https://registry.npmjs.org/@redis/client/-/client-1.1.0.tgz",
      "integrity": "sha512-xO9JDIgzsZYDl3EvFhl6LC52DP3q3GCMUer8zHgKV6qSYsq1zB+pZs9+T80VgcRogrlRYhi4ZlfX6A+bHiBAgA==",
      "dev": true,
      "requires": {
        "cluster-key-slot": "1.1.0",
        "generic-pool": "3.8.2",
        "yallist": "4.0.0"
      }
    },
    "@redis/graph": {
      "version": "1.0.1",
      "resolved": "https://registry.npmjs.org/@redis/graph/-/graph-1.0.1.tgz",
      "integrity": "sha512-oDE4myMCJOCVKYMygEMWuriBgqlS5FqdWerikMoJxzmmTUErnTRRgmIDa2VcgytACZMFqpAOWDzops4DOlnkfQ==",
      "dev": true,
      "requires": {}
    },
    "@redis/json": {
      "version": "1.0.3",
      "resolved": "https://registry.npmjs.org/@redis/json/-/json-1.0.3.tgz",
      "integrity": "sha512-4X0Qv0BzD9Zlb0edkUoau5c1bInWSICqXAGrpwEltkncUwcxJIGEcVryZhLgb0p/3PkKaLIWkjhHRtLe9yiA7Q==",
      "dev": true,
      "requires": {}
    },
    "@redis/search": {
      "version": "1.0.6",
      "resolved": "https://registry.npmjs.org/@redis/search/-/search-1.0.6.tgz",
      "integrity": "sha512-pP+ZQRis5P21SD6fjyCeLcQdps+LuTzp2wdUbzxEmNhleighDDTD5ck8+cYof+WLec4csZX7ks+BuoMw0RaZrA==",
      "dev": true,
      "requires": {}
    },
    "@redis/time-series": {
      "version": "1.0.3",
      "resolved": "https://registry.npmjs.org/@redis/time-series/-/time-series-1.0.3.tgz",
      "integrity": "sha512-OFp0q4SGrTH0Mruf6oFsHGea58u8vS/iI5+NpYdicaM+7BgqBZH8FFvNZ8rYYLrUO/QRqMq72NpXmxLVNcdmjA==",
      "dev": true,
      "requires": {}
    },
    "@types/node": {
      "version": "17.0.31",
      "resolved": "https://registry.npmjs.org/@types/node/-/node-17.0.31.tgz",
      "integrity": "sha512-AR0x5HbXGqkEx9CadRH3EBYx/VkiUgZIhP4wvPn/+5KIsgpNoyFaRlVe0Zlx9gRtg8fA06a9tskE2MSN7TcG4Q==",
      "dev": true
    },
    "cluster-key-slot": {
      "version": "1.1.0",
      "resolved": "https://registry.npmjs.org/cluster-key-slot/-/cluster-key-slot-1.1.0.tgz",
      "integrity": "sha512-2Nii8p3RwAPiFwsnZvukotvow2rIHM+yQ6ZcBXGHdniadkYGZYiGmkHJIbZPIV9nfv7m/U1IPMVVcAhoWFeklw==",
      "dev": true
    },
    "generic-pool": {
      "version": "3.8.2",
      "resolved": "https://registry.npmjs.org/generic-pool/-/generic-pool-3.8.2.tgz",
      "integrity": "sha512-nGToKy6p3PAbYQ7p1UlWl6vSPwfwU6TMSWK7TTu+WUY4ZjyZQGniGGt2oNVvyNSpyZYSB43zMXVLcBm08MTMkg==",
      "dev": true
    },
    "graphql": {
      "version": "16.4.0",
      "resolved": "https://registry.npmjs.org/graphql/-/graphql-16.4.0.tgz",
      "integrity": "sha512-tYDNcRvKCcfHREZYje3v33NSrSD/ZpbWWdPtBtUUuXx9NCo/2QDxYzNqCnMvfsrnbwRpEHMovVrPu/ERoLrIRg==",
      "dev": true
    },
    "redis": {
      "version": "4.1.0",
      "resolved": "https://registry.npmjs.org/redis/-/redis-4.1.0.tgz",
      "integrity": "sha512-5hvJ8wbzpCCiuN1ges6tx2SAh2XXCY0ayresBmu40/SGusWHFW86TAlIPpbimMX2DFHOX7RN34G2XlPA1Z43zg==",
      "dev": true,
      "requires": {
        "@redis/bloom": "1.0.2",
        "@redis/client": "1.1.0",
        "@redis/graph": "1.0.1",
        "@redis/json": "1.0.3",
        "@redis/search": "1.0.6",
        "@redis/time-series": "1.0.3"
      }
    },
    "typescript": {
      "version": "4.6.4",
      "resolved": "https://registry.npmjs.org/typescript/-/typescript-4.6.4.tgz",
      "integrity": "sha512-9ia/jWHIEbo49HfjrLGfKbZSuWo9iTMwXO+Ca3pRsSpbsMbc7/IU8NKdCZVRRBafVPGnoJeFL76ZOAA84I9fEg==",
      "dev": true
    },
    "uuid": {
      "version": "8.3.2",
      "resolved": "https://registry.npmjs.org/uuid/-/uuid-8.3.2.tgz",
      "integrity": "sha512-+NYs2QeMWy+GWFOEm9xnn6HCDp0l7QBD7ml8zLUmJ+93Q5NF0NocErnwkTkXVFNiX3/fpC6afS8Dhb/gz7R7eg==",
      "dev": true
    },
    "yallist": {
      "version": "4.0.0",
      "resolved": "https://registry.npmjs.org/yallist/-/yallist-4.0.0.tgz",
      "integrity": "sha512-3wdGidZyq5PB084XLES5TpOSRA3wjXAlIWMhum2kRcv/41Sn2emQ0dycQW4uZXLejwKvg6EsvbdlVL+FYEct7A==",
      "dev": true
    }
  }
}
